
Microsoft Visual Studio Solution File, Format Version 12.00
# Visual Studio Version 16
VisualStudioVersion = 16.0.34114.132
MinimumVisualStudioVersion = 10.0.40219.1
Project("{8BC9CEB8-8B4A-11D0-8D11-00A0C91BC942}") = "CppEFProvider", "CppEFProvider\CppEFProvider.vcxproj", "{DE7105FC-5039-409E-91F2-72ACA24D4321}"
EndProject
Project("{8BC9CEB8-8B4A-11D0-8D11-00A0C91BC942}") = "EfProviderTest", "EfProviderTest\EfProviderTest.vcxproj", "{6AB85357-BEF6-4836-B39D-9B42E39E9603}"
EndProject
Global
	GlobalSection(SolutionConfigurationPlatforms) = preSolution
		Debug|x64 = Debug|x64
		Debug|x86 = Debug|x86
		Release|x64 = Release|x64
		Release|x86 = Release|x86
	EndGlobalSection
	GlobalSection(ProjectConfigurationPlatforms) = postSolution
		{DE7105FC-5039-409E-91F2-72ACA24D4321}.Debug|x64.ActiveCfg = Debug|x64
		{DE7105FC-5039-409E-91F2-72ACA24D4321}.Debug|x64.Build.0 = Debug|x64
		{DE7105FC-5039-409E-91F2-72ACA24D4321}.Debug|x86.ActiveCfg = Debug|Win32
		{DE7105FC-5039-409E-91F2-72ACA24D4321}.Debug|x86.Build.0 = Debug|Win32
		{DE7105FC-5039-409E-91F2-72ACA24D4321}.Release|x64.ActiveCfg = Release|x64
		{DE7105FC-5039-409E-91F2-72ACA24D4321}.Release|x64.Build.0 = Release|x64
		{DE7105FC-5039-409E-91F2-72ACA24D4321}.Release|x86.ActiveCfg = Release|Win32
		{DE7105FC-5039-409E-91F2-72ACA24D4321}.Release|x86.Build.0 = Release|Win32
		{6AB85357-BEF6-4836-B39D-9B42E39E9603}.Debug|x64.ActiveCfg = Debug|x64
		{6AB85357-BEF6-4836-B39D-9B42E39E9603}.Debug|x64.Build.0 = Debug|x64
		{6AB85357-BEF6-4836-B39D-9B42E39E9603}.Debug|x86.ActiveCfg = Debug|Win32
		{6AB85357-BEF6-4836-B39D-9B42E39E9603}.Debug|x86.Build.0 = Debug|Win32
		{6AB85357-BEF6-4836-B39D-9B42E39E9603}.Release|x64.ActiveCfg = Release|x64
		{6AB85357-BEF6-4836-B39D-9B42E39E9603}.Release|x64.Build.0 = Release|x64
		{6AB85357-BEF6-4836-B39D-9B42E39E9603}.Release|x86.ActiveCfg = Release|Win32
		{6AB85357-BEF6-4836-B39D-9B42E39E9603}.Release|x86.Build.0 = Release|Win32
	EndGlobalSection
	GlobalSection(SolutionProperties) = preSolution
		HideSolutionNode = FALSE
	EndGlobalSection
	GlobalSection(ExtensibilityGlobals) = postSolution
		SolutionGuid = {228C08F7-25D5-4D55-A2C7-F2BD0A667BFC}
	EndGlobalSection
EndGlobal
